
Microsoft Visual Studio Solution File, Format Version 12.00
# Visual Studio Version 17
VisualStudioVersion = 17.5.33530.505
MinimumVisualStudioVersion = 10.0.40219.1
Project("{FAE04EC0-301F-11D3-BF4B-00C04F79EFBC}") = "CodeCounter", "CodeCounter\CodeCounter.csproj", "{A769A9A9-16BE-4FEB-A055-153C5EFB8E63}"
EndProject
Global
	GlobalSection(SolutionConfigurationPlatforms) = preSolution
		Debug|Any CPU = Debug|Any CPU
		Debug|x64 = Debug|x64
		Release|Any CPU = Release|Any CPU
		Release|x64 = Release|x64
	EndGlobalSection
	GlobalSection(ProjectConfigurationPlatforms) = postSolution
		{A769A9A9-16BE-4FEB-A055-153C5EFB8E63}.Debug|Any CPU.ActiveCfg = Debug|Any CPU
		{A769A9A9-16BE-4FEB-A055-153C5EFB8E63}.Debug|Any CPU.Build.0 = Debug|Any CPU
		{A769A9A9-16BE-4FEB-A055-153C5EFB8E63}.Debug|x64.ActiveCfg = Debug|x64
		{A769A9A9-16BE-4FEB-A055-153C5EFB8E63}.Debug|x64.Build.0 = Debug|x64
		{A769A9A9-16BE-4FEB-A055-153C5EFB8E63}.Release|Any CPU.ActiveCfg = Release|Any CPU
		{A769A9A9-16BE-4FEB-A055-153C5EFB8E63}.Release|Any CPU.Build.0 = Release|Any CPU
		{A769A9A9-16BE-4FEB-A055-153C5EFB8E63}.Release|x64.ActiveCfg = Release|x64
		{A769A9A9-16BE-4FEB-A055-153C5EFB8E63}.Release|x64.Build.0 = Release|x64
	EndGlobalSection
	GlobalSection(SolutionProperties) = preSolution
		HideSolutionNode = FALSE
	EndGlobalSection
	GlobalSection(ExtensibilityGlobals) = postSolution
		SolutionGuid = {D0D7179C-1135-4C89-8430-F273AE8B2CC6}
	EndGlobalSection
EndGlobal
